Microsoft Visual Studio Solution File, Format Version 12.00
# Visual Studio 16
Project("{8BC9CEB8-8B4A-11D0-8D11-00A0C91BC942}") = "ALL_BUILD", "ALL_BUILD.vcxproj", "{43781921-E6AA-3FA4-B289-B3E5703D8099}"
	ProjectSection(ProjectDependencies) = postProject
		{458498C9-C51F-3302-B01C-B6E9F9F3495C} = {458498C9-C51F-3302-B01C-B6E9F9F3495C}
		{CCAAABC1-4322-3E48-96B9-8D0BB17BAF55} = {CCAAABC1-4322-3E48-96B9-8D0BB17BAF55}
		{5CE503CB-E98F-3587-B94D-2E0DEEB1FE3C} = {5CE503CB-E98F-3587-B94D-2E0DEEB1FE3C}
		{11ECAE7D-3414-39F4-ADD3-79D36E506FD9} = {11ECAE7D-3414-39F4-ADD3-79D36E506FD9}
		{0A381E59-F722-34DF-B669-4B0C41EED728} = {0A381E59-F722-34DF-B669-4B0C41EED728}
		{BC54B518-46E3-30E4-9B74-196CA2364E8A} = {BC54B518-46E3-30E4-9B74-196CA2364E8A}
		{35A52588-8D8C-350A-BF7B-F1353EF1A209} = {35A52588-8D8C-350A-BF7B-F1353EF1A209}
		{1E2CFBFC-52BE-32F9-9220-D388DD3A169F} = {1E2CFBFC-52BE-32F9-9220-D388DD3A169F}
		{512C78DB-45B2-33EF-AD65-50F4D56BF663} = {512C78DB-45B2-33EF-AD65-50F4D56BF663}
		{B9938A74-5C43-3DD0-899F-66AD0EE20C2B} = {B9938A74-5C43-3DD0-899F-66AD0EE20C2B}
		{BF8C3E22-6D98-3FA0-9543-5BCFEF7C9060} = {BF8C3E22-6D98-3FA0-9543-5BCFEF7C9060}
		{41CC2CBD-CF8F-3759-99D1-6ED86451250E} = {41CC2CBD-CF8F-3759-99D1-6ED86451250E}
		{D37E6081-D3C7-38EC-B462-6B2262EAC27A} = {D37E6081-D3C7-38EC-B462-6B2262EAC27A}
		{95AE3A38-872B-3769-9909-65B47AEE36D1} = {95AE3A38-872B-3769-9909-65B47AEE36D1}
		{DB2FBFD0-D7D6-3C15-8B75-3EBD41BF0116} = {DB2FBFD0-D7D6-3C15-8B75-3EBD41BF0116}
		{C80E4826-7F12-3FCA-AC35-481963018CDD} = {C80E4826-7F12-3FCA-AC35-481963018CDD}
		{2E0D30A6-6DEC-369B-956F-843FA5E233C6} = {2E0D30A6-6DEC-369B-956F-843FA5E233C6}
		{9364A8A5-84D4-3E91-9E3C-EB73468EA8FE} = {9364A8A5-84D4-3E91-9E3C-EB73468EA8FE}
	EndProjectSection
EndProject
Project("{8BC9CEB8-8B4A-11D0-8D11-00A0C91BC942}") = "ZERO_CHECK", "ZERO_CHECK.vcxproj", "{458498C9-C51F-3302-B01C-B6E9F9F3495C}"
	ProjectSection(ProjectDependencies) = postProject
	EndProjectSection
EndProject
Project("{8BC9CEB8-8B4A-11D0-8D11-00A0C91BC942}") = "chocolate-doom", "src\chocolate-doom.vcxproj", "{CCAAABC1-4322-3E48-96B9-8D0BB17BAF55}"
	ProjectSection(ProjectDependencies) = postProject
		{458498C9-C51F-3302-B01C-B6E9F9F3495C} = {458498C9-C51F-3302-B01C-B6E9F9F3495C}
		{512C78DB-45B2-33EF-AD65-50F4D56BF663} = {512C78DB-45B2-33EF-AD65-50F4D56BF663}
		{95AE3A38-872B-3769-9909-65B47AEE36D1} = {95AE3A38-872B-3769-9909-65B47AEE36D1}
		{DB2FBFD0-D7D6-3C15-8B75-3EBD41BF0116} = {DB2FBFD0-D7D6-3C15-8B75-3EBD41BF0116}
		{9364A8A5-84D4-3E91-9E3C-EB73468EA8FE} = {9364A8A5-84D4-3E91-9E3C-EB73468EA8FE}
	EndProjectSection
EndProject
Project("{8BC9CEB8-8B4A-11D0-8D11-00A0C91BC942}") = "chocolate-heretic", "src\chocolate-heretic.vcxproj", "{5CE503CB-E98F-3587-B94D-2E0DEEB1FE3C}"
	ProjectSection(ProjectDependencies) = postProject
		{458498C9-C51F-3302-B01C-B6E9F9F3495C} = {458498C9-C51F-3302-B01C-B6E9F9F3495C}
		{B9938A74-5C43-3DD0-899F-66AD0EE20C2B} = {B9938A74-5C43-3DD0-899F-66AD0EE20C2B}
		{95AE3A38-872B-3769-9909-65B47AEE36D1} = {95AE3A38-872B-3769-9909-65B47AEE36D1}
		{DB2FBFD0-D7D6-3C15-8B75-3EBD41BF0116} = {DB2FBFD0-D7D6-3C15-8B75-3EBD41BF0116}
		{9364A8A5-84D4-3E91-9E3C-EB73468EA8FE} = {9364A8A5-84D4-3E91-9E3C-EB73468EA8FE}
	EndProjectSection
EndProject
Project("{8BC9CEB8-8B4A-11D0-8D11-00A0C91BC942}") = "chocolate-hexen", "src\chocolate-hexen.vcxproj", "{11ECAE7D-3414-39F4-ADD3-79D36E506FD9}"
	ProjectSection(ProjectDependencies) = postProject
		{458498C9-C51F-3302-B01C-B6E9F9F3495C} = {458498C9-C51F-3302-B01C-B6E9F9F3495C}
		{BF8C3E22-6D98-3FA0-9543-5BCFEF7C9060} = {BF8C3E22-6D98-3FA0-9543-5BCFEF7C9060}
		{95AE3A38-872B-3769-9909-65B47AEE36D1} = {95AE3A38-872B-3769-9909-65B47AEE36D1}
		{DB2FBFD0-D7D6-3C15-8B75-3EBD41BF0116} = {DB2FBFD0-D7D6-3C15-8B75-3EBD41BF0116}
		{9364A8A5-84D4-3E91-9E3C-EB73468EA8FE} = {9364A8A5-84D4-3E91-9E3C-EB73468EA8FE}
	EndProjectSection
EndProject
Project("{8BC9CEB8-8B4A-11D0-8D11-00A0C91BC942}") = "chocolate-midiproc", "midiproc\chocolate-midiproc.vcxproj", "{0A381E59-F722-34DF-B669-4B0C41EED728}"
	ProjectSection(ProjectDependencies) = postProject
		{458498C9-C51F-3302-B01C-B6E9F9F3495C} = {458498C9-C51F-3302-B01C-B6E9F9F3495C}
	EndProjectSection
EndProject
Project("{8BC9CEB8-8B4A-11D0-8D11-00A0C91BC942}") = "chocolate-server", "src\chocolate-server.vcxproj", "{BC54B518-46E3-30E4-9B74-196CA2364E8A}"
	ProjectSection(ProjectDependencies) = postProject
		{458498C9-C51F-3302-B01C-B6E9F9F3495C} = {458498C9-C51F-3302-B01C-B6E9F9F3495C}
	EndProjectSection
EndProject
Project("{8BC9CEB8-8B4A-11D0-8D11-00A0C91BC942}") = "chocolate-setup", "src\chocolate-setup.vcxproj", "{35A52588-8D8C-350A-BF7B-F1353EF1A209}"
	ProjectSection(ProjectDependencies) = postProject
		{458498C9-C51F-3302-B01C-B6E9F9F3495C} = {458498C9-C51F-3302-B01C-B6E9F9F3495C}
		{C80E4826-7F12-3FCA-AC35-481963018CDD} = {C80E4826-7F12-3FCA-AC35-481963018CDD}
		{9364A8A5-84D4-3E91-9E3C-EB73468EA8FE} = {9364A8A5-84D4-3E91-9E3C-EB73468EA8FE}
	EndProjectSection
EndProject
Project("{8BC9CEB8-8B4A-11D0-8D11-00A0C91BC942}") = "chocolate-strife", "src\chocolate-strife.vcxproj", "{1E2CFBFC-52BE-32F9-9220-D388DD3A169F}"
	ProjectSection(ProjectDependencies) = postProject
		{458498C9-C51F-3302-B01C-B6E9F9F3495C} = {458498C9-C51F-3302-B01C-B6E9F9F3495C}
		{95AE3A38-872B-3769-9909-65B47AEE36D1} = {95AE3A38-872B-3769-9909-65B47AEE36D1}
		{DB2FBFD0-D7D6-3C15-8B75-3EBD41BF0116} = {DB2FBFD0-D7D6-3C15-8B75-3EBD41BF0116}
		{2E0D30A6-6DEC-369B-956F-843FA5E233C6} = {2E0D30A6-6DEC-369B-956F-843FA5E233C6}
		{9364A8A5-84D4-3E91-9E3C-EB73468EA8FE} = {9364A8A5-84D4-3E91-9E3C-EB73468EA8FE}
	EndProjectSection
EndProject
Project("{8BC9CEB8-8B4A-11D0-8D11-00A0C91BC942}") = "doom", "src\doom\doom.vcxproj", "{512C78DB-45B2-33EF-AD65-50F4D56BF663}"
	ProjectSection(ProjectDependencies) = postProject
		{458498C9-C51F-3302-B01C-B6E9F9F3495C} = {458498C9-C51F-3302-B01C-B6E9F9F3495C}
	EndProjectSection
EndProject
Project("{8BC9CEB8-8B4A-11D0-8D11-00A0C91BC942}") = "heretic", "src\heretic\heretic.vcxproj", "{B9938A74-5C43-3DD0-899F-66AD0EE20C2B}"
	ProjectSection(ProjectDependencies) = postProject
		{458498C9-C51F-3302-B01C-B6E9F9F3495C} = {458498C9-C51F-3302-B01C-B6E9F9F3495C}
		{9364A8A5-84D4-3E91-9E3C-EB73468EA8FE} = {9364A8A5-84D4-3E91-9E3C-EB73468EA8FE}
	EndProjectSection
EndProject
Project("{8BC9CEB8-8B4A-11D0-8D11-00A0C91BC942}") = "hexen", "src\hexen\hexen.vcxproj", "{BF8C3E22-6D98-3FA0-9543-5BCFEF7C9060}"
	ProjectSection(ProjectDependencies) = postProject
		{458498C9-C51F-3302-B01C-B6E9F9F3495C} = {458498C9-C51F-3302-B01C-B6E9F9F3495C}
	EndProjectSection
EndProject
Project("{8BC9CEB8-8B4A-11D0-8D11-00A0C91BC942}") = "midiread", "src\midiread.vcxproj", "{41CC2CBD-CF8F-3759-99D1-6ED86451250E}"
	ProjectSection(ProjectDependencies) = postProject
		{458498C9-C51F-3302-B01C-B6E9F9F3495C} = {458498C9-C51F-3302-B01C-B6E9F9F3495C}
	EndProjectSection
EndProject
Project("{8BC9CEB8-8B4A-11D0-8D11-00A0C91BC942}") = "mus2mid", "src\mus2mid.vcxproj", "{D37E6081-D3C7-38EC-B462-6B2262EAC27A}"
	ProjectSection(ProjectDependencies) = postProject
		{458498C9-C51F-3302-B01C-B6E9F9F3495C} = {458498C9-C51F-3302-B01C-B6E9F9F3495C}
	EndProjectSection
EndProject
Project("{8BC9CEB8-8B4A-11D0-8D11-00A0C91BC942}") = "opl", "opl\opl.vcxproj", "{95AE3A38-872B-3769-9909-65B47AEE36D1}"
	ProjectSection(ProjectDependencies) = postProject
		{458498C9-C51F-3302-B01C-B6E9F9F3495C} = {458498C9-C51F-3302-B01C-B6E9F9F3495C}
	EndProjectSection
EndProject
Project("{8BC9CEB8-8B4A-11D0-8D11-00A0C91BC942}") = "pcsound", "pcsound\pcsound.vcxproj", "{DB2FBFD0-D7D6-3C15-8B75-3EBD41BF0116}"
	ProjectSection(ProjectDependencies) = postProject
		{458498C9-C51F-3302-B01C-B6E9F9F3495C} = {458498C9-C51F-3302-B01C-B6E9F9F3495C}
	EndProjectSection
EndProject
Project("{8BC9CEB8-8B4A-11D0-8D11-00A0C91BC942}") = "setup", "src\setup\setup.vcxproj", "{C80E4826-7F12-3FCA-AC35-481963018CDD}"
	ProjectSection(ProjectDependencies) = postProject
		{458498C9-C51F-3302-B01C-B6E9F9F3495C} = {458498C9-C51F-3302-B01C-B6E9F9F3495C}
		{9364A8A5-84D4-3E91-9E3C-EB73468EA8FE} = {9364A8A5-84D4-3E91-9E3C-EB73468EA8FE}
	EndProjectSection
EndProject
Project("{8BC9CEB8-8B4A-11D0-8D11-00A0C91BC942}") = "strife", "src\strife\strife.vcxproj", "{2E0D30A6-6DEC-369B-956F-843FA5E233C6}"
	ProjectSection(ProjectDependencies) = postProject
		{458498C9-C51F-3302-B01C-B6E9F9F3495C} = {458498C9-C51F-3302-B01C-B6E9F9F3495C}
		{9364A8A5-84D4-3E91-9E3C-EB73468EA8FE} = {9364A8A5-84D4-3E91-9E3C-EB73468EA8FE}
	EndProjectSection
EndProject
Project("{8BC9CEB8-8B4A-11D0-8D11-00A0C91BC942}") = "textscreen", "textscreen\textscreen.vcxproj", "{9364A8A5-84D4-3E91-9E3C-EB73468EA8FE}"
	ProjectSection(ProjectDependencies) = postProject
		{458498C9-C51F-3302-B01C-B6E9F9F3495C} = {458498C9-C51F-3302-B01C-B6E9F9F3495C}
	EndProjectSection
EndProject
Global
	GlobalSection(SolutionConfigurationPlatforms) = preSolution
		Debug|x64 = Debug|x64
		Release|x64 = Release|x64
		MinSizeRel|x64 = MinSizeRel|x64
		RelWithDebInfo|x64 = RelWithDebInfo|x64
	EndGlobalSection
	GlobalSection(ProjectConfigurationPlatforms) = postSolution
		{43781921-E6AA-3FA4-B289-B3E5703D8099}.Debug|x64.ActiveCfg = Debug|x64
		{43781921-E6AA-3FA4-B289-B3E5703D8099}.Release|x64.ActiveCfg = Release|x64
		{43781921-E6AA-3FA4-B289-B3E5703D8099}.MinSizeRel|x64.ActiveCfg = MinSizeRel|x64
		{43781921-E6AA-3FA4-B289-B3E5703D8099}.RelWithDebInfo|x64.ActiveCfg = RelWithDebInfo|x64
		{458498C9-C51F-3302-B01C-B6E9F9F3495C}.Debug|x64.ActiveCfg = Debug|x64
		{458498C9-C51F-3302-B01C-B6E9F9F3495C}.Debug|x64.Build.0 = Debug|x64
		{458498C9-C51F-3302-B01C-B6E9F9F3495C}.Release|x64.ActiveCfg = Release|x64
		{458498C9-C51F-3302-B01C-B6E9F9F3495C}.Release|x64.Build.0 = Release|x64
		{458498C9-C51F-3302-B01C-B6E9F9F3495C}.MinSizeRel|x64.ActiveCfg = MinSizeRel|x64
		{458498C9-C51F-3302-B01C-B6E9F9F3495C}.MinSizeRel|x64.Build.0 = MinSizeRel|x64
		{458498C9-C51F-3302-B01C-B6E9F9F3495C}.RelWithDebInfo|x64.ActiveCfg = RelWithDebInfo|x64
		{458498C9-C51F-3302-B01C-B6E9F9F3495C}.RelWithDebInfo|x64.Build.0 = RelWithDebInfo|x64
		{CCAAABC1-4322-3E48-96B9-8D0BB17BAF55}.Debug|x64.ActiveCfg = Debug|x64
		{CCAAABC1-4322-3E48-96B9-8D0BB17BAF55}.Debug|x64.Build.0 = Debug|x64
		{CCAAABC1-4322-3E48-96B9-8D0BB17BAF55}.Release|x64.ActiveCfg = Release|x64
		{CCAAABC1-4322-3E48-96B9-8D0BB17BAF55}.Release|x64.Build.0 = Release|x64
		{CCAAABC1-4322-3E48-96B9-8D0BB17BAF55}.MinSizeRel|x64.ActiveCfg = MinSizeRel|x64
		{CCAAABC1-4322-3E48-96B9-8D0BB17BAF55}.MinSizeRel|x64.Build.0 = MinSizeRel|x64
		{CCAAABC1-4322-3E48-96B9-8D0BB17BAF55}.RelWithDebInfo|x64.ActiveCfg = RelWithDebInfo|x64
		{CCAAABC1-4322-3E48-96B9-8D0BB17BAF55}.RelWithDebInfo|x64.Build.0 = RelWithDebInfo|x64
		{5CE503CB-E98F-3587-B94D-2E0DEEB1FE3C}.Debug|x64.ActiveCfg = Debug|x64
		{5CE503CB-E98F-3587-B94D-2E0DEEB1FE3C}.Debug|x64.Build.0 = Debug|x64
		{5CE503CB-E98F-3587-B94D-2E0DEEB1FE3C}.Release|x64.ActiveCfg = Release|x64
		{5CE503CB-E98F-3587-B94D-2E0DEEB1FE3C}.Release|x64.Build.0 = Release|x64
		{5CE503CB-E98F-3587-B94D-2E0DEEB1FE3C}.MinSizeRel|x64.ActiveCfg = MinSizeRel|x64
		{5CE503CB-E98F-3587-B94D-2E0DEEB1FE3C}.MinSizeRel|x64.Build.0 = MinSizeRel|x64
		{5CE503CB-E98F-3587-B94D-2E0DEEB1FE3C}.RelWithDebInfo|x64.ActiveCfg = RelWithDebInfo|x64
		{5CE503CB-E98F-3587-B94D-2E0DEEB1FE3C}.RelWithDebInfo|x64.Build.0 = RelWithDebInfo|x64
		{11ECAE7D-3414-39F4-ADD3-79D36E506FD9}.Debug|x64.ActiveCfg = Debug|x64
		{11ECAE7D-3414-39F4-ADD3-79D36E506FD9}.Debug|x64.Build.0 = Debug|x64
		{11ECAE7D-3414-39F4-ADD3-79D36E506FD9}.Release|x64.ActiveCfg = Release|x64
		{11ECAE7D-3414-39F4-ADD3-79D36E506FD9}.Release|x64.Build.0 = Release|x64
		{11ECAE7D-3414-39F4-ADD3-79D36E506FD9}.MinSizeRel|x64.ActiveCfg = MinSizeRel|x64
		{11ECAE7D-3414-39F4-ADD3-79D36E506FD9}.MinSizeRel|x64.Build.0 = MinSizeRel|x64
		{11ECAE7D-3414-39F4-ADD3-79D36E506FD9}.RelWithDebInfo|x64.ActiveCfg = RelWithDebInfo|x64
		{11ECAE7D-3414-39F4-ADD3-79D36E506FD9}.RelWithDebInfo|x64.Build.0 = RelWithDebInfo|x64
		{0A381E59-F722-34DF-B669-4B0C41EED728}.Debug|x64.ActiveCfg = Debug|x64
		{0A381E59-F722-34DF-B669-4B0C41EED728}.Debug|x64.Build.0 = Debug|x64
		{0A381E59-F722-34DF-B669-4B0C41EED728}.Release|x64.ActiveCfg = Release|x64
		{0A381E59-F722-34DF-B669-4B0C41EED728}.Release|x64.Build.0 = Release|x64
		{0A381E59-F722-34DF-B669-4B0C41EED728}.MinSizeRel|x64.ActiveCfg = MinSizeRel|x64
		{0A381E59-F722-34DF-B669-4B0C41EED728}.MinSizeRel|x64.Build.0 = MinSizeRel|x64
		{0A381E59-F722-34DF-B669-4B0C41EED728}.RelWithDebInfo|x64.ActiveCfg = RelWithDebInfo|x64
		{0A381E59-F722-34DF-B669-4B0C41EED728}.RelWithDebInfo|x64.Build.0 = RelWithDebInfo|x64
		{BC54B518-46E3-30E4-9B74-196CA2364E8A}.Debug|x64.ActiveCfg = Debug|x64
		{BC54B518-46E3-30E4-9B74-196CA2364E8A}.Debug|x64.Build.0 = Debug|x64
		{BC54B518-46E3-30E4-9B74-196CA2364E8A}.Release|x64.ActiveCfg = Release|x64
		{BC54B518-46E3-30E4-9B74-196CA2364E8A}.Release|x64.Build.0 = Release|x64
		{BC54B518-46E3-30E4-9B74-196CA2364E8A}.MinSizeRel|x64.ActiveCfg = MinSizeRel|x64
		{BC54B518-46E3-30E4-9B74-196CA2364E8A}.MinSizeRel|x64.Build.0 = MinSizeRel|x64
		{BC54B518-46E3-30E4-9B74-196CA2364E8A}.RelWithDebInfo|x64.ActiveCfg = RelWithDebInfo|x64
		{BC54B518-46E3-30E4-9B74-196CA2364E8A}.RelWithDebInfo|x64.Build.0 = RelWithDebInfo|x64
		{35A52588-8D8C-350A-BF7B-F1353EF1A209}.Debug|x64.ActiveCfg = Debug|x64
		{35A52588-8D8C-350A-BF7B-F1353EF1A209}.Debug|x64.Build.0 = Debug|x64
		{35A52588-8D8C-350A-BF7B-F1353EF1A209}.Release|x64.ActiveCfg = Release|x64
		{35A52588-8D8C-350A-BF7B-F1353EF1A209}.Release|x64.Build.0 = Release|x64
		{35A52588-8D8C-350A-BF7B-F1353EF1A209}.MinSizeRel|x64.ActiveCfg = MinSizeRel|x64
		{35A52588-8D8C-350A-BF7B-F1353EF1A209}.MinSizeRel|x64.Build.0 = MinSizeRel|x64
		{35A52588-8D8C-350A-BF7B-F1353EF1A209}.RelWithDebInfo|x64.ActiveCfg = RelWithDebInfo|x64
		{35A52588-8D8C-350A-BF7B-F1353EF1A209}.RelWithDebInfo|x64.Build.0 = RelWithDebInfo|x64
		{1E2CFBFC-52BE-32F9-9220-D388DD3A169F}.Debug|x64.ActiveCfg = Debug|x64
		{1E2CFBFC-52BE-32F9-9220-D388DD3A169F}.Debug|x64.Build.0 = Debug|x64
		{1E2CFBFC-52BE-32F9-9220-D388DD3A169F}.Release|x64.ActiveCfg = Release|x64
		{1E2CFBFC-52BE-32F9-9220-D388DD3A169F}.Release|x64.Build.0 = Release|x64
		{1E2CFBFC-52BE-32F9-9220-D388DD3A169F}.MinSizeRel|x64.ActiveCfg = MinSizeRel|x64
		{1E2CFBFC-52BE-32F9-9220-D388DD3A169F}.MinSizeRel|x64.Build.0 = MinSizeRel|x64
		{1E2CFBFC-52BE-32F9-9220-D388DD3A169F}.RelWithDebInfo|x64.ActiveCfg = RelWithDebInfo|x64
		{1E2CFBFC-52BE-32F9-9220-D388DD3A169F}.RelWithDebInfo|x64.Build.0 = RelWithDebInfo|x64
		{512C78DB-45B2-33EF-AD65-50F4D56BF663}.Debug|x64.ActiveCfg = Debug|x64
		{512C78DB-45B2-33EF-AD65-50F4D56BF663}.Debug|x64.Build.0 = Debug|x64
		{512C78DB-45B2-33EF-AD65-50F4D56BF663}.Release|x64.ActiveCfg = Release|x64
		{512C78DB-45B2-33EF-AD65-50F4D56BF663}.Release|x64.Build.0 = Release|x64
		{512C78DB-45B2-33EF-AD65-50F4D56BF663}.MinSizeRel|x64.ActiveCfg = MinSizeRel|x64
		{512C78DB-45B2-33EF-AD65-50F4D56BF663}.MinSizeRel|x64.Build.0 = MinSizeRel|x64
		{512C78DB-45B2-33EF-AD65-50F4D56BF663}.RelWithDebInfo|x64.ActiveCfg = RelWithDebInfo|x64
		{512C78DB-45B2-33EF-AD65-50F4D56BF663}.RelWithDebInfo|x64.Build.0 = RelWithDebInfo|x64
		{B9938A74-5C43-3DD0-899F-66AD0EE20C2B}.Debug|x64.ActiveCfg = Debug|x64
		{B9938A74-5C43-3DD0-899F-66AD0EE20C2B}.Debug|x64.Build.0 = Debug|x64
		{B9938A74-5C43-3DD0-899F-66AD0EE20C2B}.Release|x64.ActiveCfg = Release|x64
		{B9938A74-5C43-3DD0-899F-66AD0EE20C2B}.Release|x64.Build.0 = Release|x64
		{B9938A74-5C43-3DD0-899F-66AD0EE20C2B}.MinSizeRel|x64.ActiveCfg = MinSizeRel|x64
		{B9938A74-5C43-3DD0-899F-66AD0EE20C2B}.MinSizeRel|x64.Build.0 = MinSizeRel|x64
		{B9938A74-5C43-3DD0-899F-66AD0EE20C2B}.RelWithDebInfo|x64.ActiveCfg = RelWithDebInfo|x64
		{B9938A74-5C43-3DD0-899F-66AD0EE20C2B}.RelWithDebInfo|x64.Build.0 = RelWithDebInfo|x64
		{BF8C3E22-6D98-3FA0-9543-5BCFEF7C9060}.Debug|x64.ActiveCfg = Debug|x64
		{BF8C3E22-6D98-3FA0-9543-5BCFEF7C9060}.Debug|x64.Build.0 = Debug|x64
		{BF8C3E22-6D98-3FA0-9543-5BCFEF7C9060}.Release|x64.ActiveCfg = Release|x64
		{BF8C3E22-6D98-3FA0-9543-5BCFEF7C9060}.Release|x64.Build.0 = Release|x64
		{BF8C3E22-6D98-3FA0-9543-5BCFEF7C9060}.MinSizeRel|x64.ActiveCfg = MinSizeRel|x64
		{BF8C3E22-6D98-3FA0-9543-5BCFEF7C9060}.MinSizeRel|x64.Build.0 = MinSizeRel|x64
		{BF8C3E22-6D98-3FA0-9543-5BCFEF7C9060}.RelWithDebInfo|x64.ActiveCfg = RelWithDebInfo|x64
		{BF8C3E22-6D98-3FA0-9543-5BCFEF7C9060}.RelWithDebInfo|x64.Build.0 = RelWithDebInfo|x64
		{41CC2CBD-CF8F-3759-99D1-6ED86451250E}.Debug|x64.ActiveCfg = Debug|x64
		{41CC2CBD-CF8F-3759-99D1-6ED86451250E}.Debug|x64.Build.0 = Debug|x64
		{41CC2CBD-CF8F-3759-99D1-6ED86451250E}.Release|x64.ActiveCfg = Release|x64
		{41CC2CBD-CF8F-3759-99D1-6ED86451250E}.Release|x64.Build.0 = Release|x64
		{41CC2CBD-CF8F-3759-99D1-6ED86451250E}.MinSizeRel|x64.ActiveCfg = MinSizeRel|x64
		{41CC2CBD-CF8F-3759-99D1-6ED86451250E}.MinSizeRel|x64.Build.0 = MinSizeRel|x64
		{41CC2CBD-CF8F-3759-99D1-6ED86451250E}.RelWithDebInfo|x64.ActiveCfg = RelWithDebInfo|x64
		{41CC2CBD-CF8F-3759-99D1-6ED86451250E}.RelWithDebInfo|x64.Build.0 = RelWithDebInfo|x64
		{D37E6081-D3C7-38EC-B462-6B2262EAC27A}.Debug|x64.ActiveCfg = Debug|x64
		{D37E6081-D3C7-38EC-B462-6B2262EAC27A}.Debug|x64.Build.0 = Debug|x64
		{D37E6081-D3C7-38EC-B462-6B2262EAC27A}.Release|x64.ActiveCfg = Release|x64
		{D37E6081-D3C7-38EC-B462-6B2262EAC27A}.Release|x64.Build.0 = Release|x64
		{D37E6081-D3C7-38EC-B462-6B2262EAC27A}.MinSizeRel|x64.ActiveCfg = MinSizeRel|x64
		{D37E6081-D3C7-38EC-B462-6B2262EAC27A}.MinSizeRel|x64.Build.0 = MinSizeRel|x64
		{D37E6081-D3C7-38EC-B462-6B2262EAC27A}.RelWithDebInfo|x64.ActiveCfg = RelWithDebInfo|x64
		{D37E6081-D3C7-38EC-B462-6B2262EAC27A}.RelWithDebInfo|x64.Build.0 = RelWithDebInfo|x64
		{95AE3A38-872B-3769-9909-65B47AEE36D1}.Debug|x64.ActiveCfg = Debug|x64
		{95AE3A38-872B-3769-9909-65B47AEE36D1}.Debug|x64.Build.0 = Debug|x64
		{95AE3A38-872B-3769-9909-65B47AEE36D1}.Release|x64.ActiveCfg = Release|x64
		{95AE3A38-872B-3769-9909-65B47AEE36D1}.Release|x64.Build.0 = Release|x64
		{95AE3A38-872B-3769-9909-65B47AEE36D1}.MinSizeRel|x64.ActiveCfg = MinSizeRel|x64
		{95AE3A38-872B-3769-9909-65B47AEE36D1}.MinSizeRel|x64.Build.0 = MinSizeRel|x64
		{95AE3A38-872B-3769-9909-65B47AEE36D1}.RelWithDebInfo|x64.ActiveCfg = RelWithDebInfo|x64
		{95AE3A38-872B-3769-9909-65B47AEE36D1}.RelWithDebInfo|x64.Build.0 = RelWithDebInfo|x64
		{DB2FBFD0-D7D6-3C15-8B75-3EBD41BF0116}.Debug|x64.ActiveCfg = Debug|x64
		{DB2FBFD0-D7D6-3C15-8B75-3EBD41BF0116}.Debug|x64.Build.0 = Debug|x64
		{DB2FBFD0-D7D6-3C15-8B75-3EBD41BF0116}.Release|x64.ActiveCfg = Release|x64
		{DB2FBFD0-D7D6-3C15-8B75-3EBD41BF0116}.Release|x64.Build.0 = Release|x64
		{DB2FBFD0-D7D6-3C15-8B75-3EBD41BF0116}.MinSizeRel|x64.ActiveCfg = MinSizeRel|x64
		{DB2FBFD0-D7D6-3C15-8B75-3EBD41BF0116}.MinSizeRel|x64.Build.0 = MinSizeRel|x64
		{DB2FBFD0-D7D6-3C15-8B75-3EBD41BF0116}.RelWithDebInfo|x64.ActiveCfg = RelWithDebInfo|x64
		{DB2FBFD0-D7D6-3C15-8B75-3EBD41BF0116}.RelWithDebInfo|x64.Build.0 = RelWithDebInfo|x64
		{C80E4826-7F12-3FCA-AC35-481963018CDD}.Debug|x64.ActiveCfg = Debug|x64
		{C80E4826-7F12-3FCA-AC35-481963018CDD}.Debug|x64.Build.0 = Debug|x64
		{C80E4826-7F12-3FCA-AC35-481963018CDD}.Release|x64.ActiveCfg = Release|x64
		{C80E4826-7F12-3FCA-AC35-481963018CDD}.Release|x64.Build.0 = Release|x64
		{C80E4826-7F12-3FCA-AC35-481963018CDD}.MinSizeRel|x64.ActiveCfg = MinSizeRel|x64
		{C80E4826-7F12-3FCA-AC35-481963018CDD}.MinSizeRel|x64.Build.0 = MinSizeRel|x64
		{C80E4826-7F12-3FCA-AC35-481963018CDD}.RelWithDebInfo|x64.ActiveCfg = RelWithDebInfo|x64
		{C80E4826-7F12-3FCA-AC35-481963018CDD}.RelWithDebInfo|x64.Build.0 = RelWithDebInfo|x64
		{2E0D30A6-6DEC-369B-956F-843FA5E233C6}.Debug|x64.ActiveCfg = Debug|x64
		{2E0D30A6-6DEC-369B-956F-843FA5E233C6}.Debug|x64.Build.0 = Debug|x64
		{2E0D30A6-6DEC-369B-956F-843FA5E233C6}.Release|x64.ActiveCfg = Release|x64
		{2E0D30A6-6DEC-369B-956F-843FA5E233C6}.Release|x64.Build.0 = Release|x64
		{2E0D30A6-6DEC-369B-956F-843FA5E233C6}.MinSizeRel|x64.ActiveCfg = MinSizeRel|x64
		{2E0D30A6-6DEC-369B-956F-843FA5E233C6}.MinSizeRel|x64.Build.0 = MinSizeRel|x64
		{2E0D30A6-6DEC-369B-956F-843FA5E233C6}.RelWithDebInfo|x64.ActiveCfg = RelWithDebInfo|x64
		{2E0D30A6-6DEC-369B-956F-843FA5E233C6}.RelWithDebInfo|x64.Build.0 = RelWithDebInfo|x64
		{9364A8A5-84D4-3E91-9E3C-EB73468EA8FE}.Debug|x64.ActiveCfg = Debug|x64
		{9364A8A5-84D4-3E91-9E3C-EB73468EA8FE}.Debug|x64.Build.0 = Debug|x64
		{9364A8A5-84D4-3E91-9E3C-EB73468EA8FE}.Release|x64.ActiveCfg = Release|x64
		{9364A8A5-84D4-3E91-9E3C-EB73468EA8FE}.Release|x64.Build.0 = Release|x64
		{9364A8A5-84D4-3E91-9E3C-EB73468EA8FE}.MinSizeRel|x64.ActiveCfg = MinSizeRel|x64
		{9364A8A5-84D4-3E91-9E3C-EB73468EA8FE}.MinSizeRel|x64.Build.0 = MinSizeRel|x64
		{9364A8A5-84D4-3E91-9E3C-EB73468EA8FE}.RelWithDebInfo|x64.ActiveCfg = RelWithDebInfo|x64
		{9364A8A5-84D4-3E91-9E3C-EB73468EA8FE}.RelWithDebInfo|x64.Build.0 = RelWithDebInfo|x64
	EndGlobalSection
	GlobalSection(ExtensibilityGlobals) = postSolution
		SolutionGuid = {336B4B36-94B8-3D9B-A37E-2C323C496756}
	EndGlobalSection
	GlobalSection(ExtensibilityAddIns) = postSolution
	EndGlobalSection
EndGlobal
