<?xml version="1.0" encoding="utf-8"?>
<Project ToolsVersion="16.0" xmlns="http://schemas.microsoft.com/developer/msbuild/2003">
  <ItemGroup>
    <ClCompile Include="F:\Projects\2020\chocolate-doom\src\setup\compatibility.c">
      <Filter>Source Files</Filter>
    </ClCompile>
    <ClCompile Include="F:\Projects\2020\chocolate-doom\src\setup\display.c">
      <Filter>Source Files</Filter>
    </ClCompile>
    <ClCompile Include="F:\Projects\2020\chocolate-doom\src\setup\joystick.c">
      <Filter>Source Files</Filter>
    </ClCompile>
    <ClCompile Include="F:\Projects\2020\chocolate-doom\src\setup\keyboard.c">
      <Filter>Source Files</Filter>
    </ClCompile>
    <ClCompile Include="F:\Projects\2020\chocolate-doom\src\setup\mainmenu.c">
      <Filter>Source Files</Filter>
    </ClCompile>
    <ClCompile Include="F:\Projects\2020\chocolate-doom\src\setup\mode.c">
      <Filter>Source Files</Filter>
    </ClCompile>
    <ClCompile Include="F:\Projects\2020\chocolate-doom\src\setup\mouse.c">
      <Filter>Source Files</Filter>
    </ClCompile>
    <ClCompile Include="F:\Projects\2020\chocolate-doom\src\setup\multiplayer.c">
      <Filter>Source Files</Filter>
    </ClCompile>
    <ClCompile Include="F:\Projects\2020\chocolate-doom\src\setup\sound.c">
      <Filter>Source Files</Filter>
    </ClCompile>
    <ClCompile Include="F:\Projects\2020\chocolate-doom\src\setup\execute.c">
      <Filter>Source Files</Filter>
    </ClCompile>
    <ClCompile Include="F:\Projects\2020\chocolate-doom\src\setup\txt_joyaxis.c">
      <Filter>Source Files</Filter>
    </ClCompile>
    <ClCompile Include="F:\Projects\2020\chocolate-doom\src\setup\txt_joybinput.c">
      <Filter>Source Files</Filter>
    </ClCompile>
    <ClCompile Include="F:\Projects\2020\chocolate-doom\src\setup\txt_keyinput.c">
      <Filter>Source Files</Filter>
    </ClCompile>
    <ClCompile Include="F:\Projects\2020\chocolate-doom\src\setup\txt_mouseinput.c">
      <Filter>Source Files</Filter>
    </ClCompile>
  </ItemGroup>
  <ItemGroup>
    <ClInclude Include="F:\Projects\2020\chocolate-doom\src\setup\compatibility.h">
      <Filter>Header Files</Filter>
    </ClInclude>
    <ClInclude Include="F:\Projects\2020\chocolate-doom\src\setup\display.h">
      <Filter>Header Files</Filter>
    </ClInclude>
    <ClInclude Include="F:\Projects\2020\chocolate-doom\src\setup\joystick.h">
      <Filter>Header Files</Filter>
    </ClInclude>
    <ClInclude Include="F:\Projects\2020\chocolate-doom\src\setup\keyboard.h">
      <Filter>Header Files</Filter>
    </ClInclude>
    <ClInclude Include="F:\Projects\2020\chocolate-doom\src\setup\mode.h">
      <Filter>Header Files</Filter>
    </ClInclude>
    <ClInclude Include="F:\Projects\2020\chocolate-doom\src\setup\mouse.h">
      <Filter>Header Files</Filter>
    </ClInclude>
    <ClInclude Include="F:\Projects\2020\chocolate-doom\src\setup\multiplayer.h">
      <Filter>Header Files</Filter>
    </ClInclude>
    <ClInclude Include="F:\Projects\2020\chocolate-doom\src\setup\sound.h">
      <Filter>Header Files</Filter>
    </ClInclude>
    <ClInclude Include="F:\Projects\2020\chocolate-doom\src\setup\execute.h">
      <Filter>Header Files</Filter>
    </ClInclude>
    <ClInclude Include="F:\Projects\2020\chocolate-doom\src\setup\txt_joyaxis.h">
      <Filter>Header Files</Filter>
    </ClInclude>
    <ClInclude Include="F:\Projects\2020\chocolate-doom\src\setup\txt_joybinput.h">
      <Filter>Header Files</Filter>
    </ClInclude>
    <ClInclude Include="F:\Projects\2020\chocolate-doom\src\setup\txt_keyinput.h">
      <Filter>Header Files</Filter>
    </ClInclude>
    <ClInclude Include="F:\Projects\2020\chocolate-doom\src\setup\txt_mouseinput.h">
      <Filter>Header Files</Filter>
    </ClInclude>
  </ItemGroup>
  <ItemGroup>
    <CustomBuild Include="F:\Projects\2020\chocolate-doom\src\setup\CMakeLists.txt" />
  </ItemGroup>
  <ItemGroup>
    <Filter Include="Header Files">
      <UniqueIdentifier>{A929DA6D-7B63-3330-B605-8C5278CC16DA}</UniqueIdentifier>
    </Filter>
    <Filter Include="Source Files">
      <UniqueIdentifier>{BB603AD0-56A2-3C0F-8573-18DFF3B6B8F1}</UniqueIdentifier>
    </Filter>
  </ItemGroup>
</Project>
