<?xml version="1.0" encoding="utf-8"?>
<Project ToolsVersion="16.0" xmlns="http://schemas.microsoft.com/developer/msbuild/2003">
  <ItemGroup>
    <ClCompile Include="F:\Projects\2020\chocolate-doom\src\deh_str.c">
      <Filter>Source Files</Filter>
    </ClCompile>
    <ClCompile Include="F:\Projects\2020\chocolate-doom\src\d_mode.c">
      <Filter>Source Files</Filter>
    </ClCompile>
    <ClCompile Include="F:\Projects\2020\chocolate-doom\src\d_iwad.c">
      <Filter>Source Files</Filter>
    </ClCompile>
    <ClCompile Include="F:\Projects\2020\chocolate-doom\src\i_timer.c">
      <Filter>Source Files</Filter>
    </ClCompile>
    <ClCompile Include="F:\Projects\2020\chocolate-doom\src\m_config.c">
      <Filter>Source Files</Filter>
    </ClCompile>
    <ClCompile Include="F:\Projects\2020\chocolate-doom\src\m_controls.c">
      <Filter>Source Files</Filter>
    </ClCompile>
    <ClCompile Include="F:\Projects\2020\chocolate-doom\src\net_io.c">
      <Filter>Source Files</Filter>
    </ClCompile>
    <ClCompile Include="F:\Projects\2020\chocolate-doom\src\net_packet.c">
      <Filter>Source Files</Filter>
    </ClCompile>
    <ClCompile Include="F:\Projects\2020\chocolate-doom\src\net_petname.c">
      <Filter>Source Files</Filter>
    </ClCompile>
    <ClCompile Include="F:\Projects\2020\chocolate-doom\src\net_sdl.c">
      <Filter>Source Files</Filter>
    </ClCompile>
    <ClCompile Include="F:\Projects\2020\chocolate-doom\src\net_query.c">
      <Filter>Source Files</Filter>
    </ClCompile>
    <ClCompile Include="F:\Projects\2020\chocolate-doom\src\net_structrw.c">
      <Filter>Source Files</Filter>
    </ClCompile>
    <ClCompile Include="F:\Projects\2020\chocolate-doom\src\z_native.c">
      <Filter>Source Files</Filter>
    </ClCompile>
    <ClCompile Include="F:\Projects\2020\chocolate-doom\src\i_main.c">
      <Filter>Source Files</Filter>
    </ClCompile>
    <ClCompile Include="F:\Projects\2020\chocolate-doom\src\i_system.c">
      <Filter>Source Files</Filter>
    </ClCompile>
    <ClCompile Include="F:\Projects\2020\chocolate-doom\src\m_argv.c">
      <Filter>Source Files</Filter>
    </ClCompile>
    <ClCompile Include="F:\Projects\2020\chocolate-doom\src\m_misc.c">
      <Filter>Source Files</Filter>
    </ClCompile>
  </ItemGroup>
  <ItemGroup>
    <ClInclude Include="F:\Projects\2020\chocolate-doom\src\deh_str.h">
      <Filter>Header Files</Filter>
    </ClInclude>
    <ClInclude Include="F:\Projects\2020\chocolate-doom\src\d_mode.h">
      <Filter>Header Files</Filter>
    </ClInclude>
    <ClInclude Include="F:\Projects\2020\chocolate-doom\src\d_iwad.h">
      <Filter>Header Files</Filter>
    </ClInclude>
    <ClInclude Include="F:\Projects\2020\chocolate-doom\src\i_timer.h">
      <Filter>Header Files</Filter>
    </ClInclude>
    <ClInclude Include="F:\Projects\2020\chocolate-doom\src\m_config.h">
      <Filter>Header Files</Filter>
    </ClInclude>
    <ClInclude Include="F:\Projects\2020\chocolate-doom\src\m_controls.h">
      <Filter>Header Files</Filter>
    </ClInclude>
    <ClInclude Include="F:\Projects\2020\chocolate-doom\src\net_io.h">
      <Filter>Header Files</Filter>
    </ClInclude>
    <ClInclude Include="F:\Projects\2020\chocolate-doom\src\net_packet.h">
      <Filter>Header Files</Filter>
    </ClInclude>
    <ClInclude Include="F:\Projects\2020\chocolate-doom\src\net_petname.h">
      <Filter>Header Files</Filter>
    </ClInclude>
    <ClInclude Include="F:\Projects\2020\chocolate-doom\src\net_sdl.h">
      <Filter>Header Files</Filter>
    </ClInclude>
    <ClInclude Include="F:\Projects\2020\chocolate-doom\src\net_query.h">
      <Filter>Header Files</Filter>
    </ClInclude>
    <ClInclude Include="F:\Projects\2020\chocolate-doom\src\net_structrw.h">
      <Filter>Header Files</Filter>
    </ClInclude>
    <ClInclude Include="F:\Projects\2020\chocolate-doom\src\z_zone.h">
      <Filter>Header Files</Filter>
    </ClInclude>
    <ClInclude Include="F:\Projects\2020\chocolate-doom\src\i_system.h">
      <Filter>Header Files</Filter>
    </ClInclude>
    <ClInclude Include="F:\Projects\2020\chocolate-doom\src\m_argv.h">
      <Filter>Header Files</Filter>
    </ClInclude>
    <ClInclude Include="F:\Projects\2020\chocolate-doom\src\m_misc.h">
      <Filter>Header Files</Filter>
    </ClInclude>
  </ItemGroup>
  <ItemGroup>
    <CustomBuild Include="F:\Projects\2020\chocolate-doom\src\CMakeLists.txt" />
  </ItemGroup>
  <ItemGroup>
    <ResourceCompile Include="F:\Projects\2020\chocolate-doom\src\setup-res.rc">
      <Filter>Source Files</Filter>
    </ResourceCompile>
  </ItemGroup>
  <ItemGroup>
    <Filter Include="Header Files">
      <UniqueIdentifier>{A929DA6D-7B63-3330-B605-8C5278CC16DA}</UniqueIdentifier>
    </Filter>
    <Filter Include="Source Files">
      <UniqueIdentifier>{BB603AD0-56A2-3C0F-8573-18DFF3B6B8F1}</UniqueIdentifier>
    </Filter>
  </ItemGroup>
</Project>
